[[package]]
category = "main"
description = "Low-level AMQP client for Python (fork of amqplib)."
name = "amqp"
optional = false
python-versions = ">=2.7, !=3.0.*, !=3.1.*, !=3.2.*, !=3.3.*, !=3.4.*"
version = "2.6.1"

[package.dependencies]
vine = ">=1.1.3,<5.0.0a1"

[[package]]
category = "main"
description = "Python multiprocessing fork with improvements and bugfixes"
name = "billiard"
optional = false
python-versions = "*"
version = "3.6.3.0"

[[package]]
category = "main"
description = "The AWS SDK for Python"
name = "boto3"
optional = false
python-versions = "*"
version = "1.15.1"

[package.dependencies]
botocore = ">=1.18.1,<1.19.0"
jmespath = ">=0.7.1,<1.0.0"
s3transfer = ">=0.3.0,<0.4.0"

[[package]]
category = "dev"
description = "Type annotations for boto3 1.15.1, generated by mypy-boto3-buider 3.1.0"
name = "boto3-stubs"
optional = false
python-versions = ">=3.6"
version = "1.15.1.0"

[package.dependencies]
[package.dependencies.typing-extensions]
python = "<3.8"
version = "*"

[package.extras]
accessanalyzer = ["mypy-boto3-accessanalyzer (1.15.1.0)"]
acm = ["mypy-boto3-acm (1.15.1.0)"]
acm-pca = ["mypy-boto3-acm-pca (1.15.1.0)"]
alexaforbusiness = ["mypy-boto3-alexaforbusiness (1.15.1.0)"]
all = ["mypy-boto3-accessanalyzer (1.15.1.0)", "mypy-boto3-acm (1.15.1.0)", "mypy-boto3-acm-pca (1.15.1.0)", "mypy-boto3-alexaforbusiness (1.15.1.0)", "mypy-boto3-amplify (1.15.1.0)", "mypy-boto3-apigateway (1.15.1.0)", "mypy-boto3-apigatewaymanagementapi (1.15.1.0)", "mypy-boto3-apigatewayv2 (1.15.1.0)", "mypy-boto3-appconfig (1.15.1.0)", "mypy-boto3-appflow (1.15.1.0)", "mypy-boto3-application-autoscaling (1.15.1.0)", "mypy-boto3-application-insights (1.15.1.0)", "mypy-boto3-appmesh (1.15.1.0)", "mypy-boto3-appstream (1.15.1.0)", "mypy-boto3-appsync (1.15.1.0)", "mypy-boto3-athena (1.15.1.0)", "mypy-boto3-autoscaling (1.15.1.0)", "mypy-boto3-autoscaling-plans (1.15.1.0)", "mypy-boto3-backup (1.15.1.0)", "mypy-boto3-batch (1.15.1.0)", "mypy-boto3-braket (1.15.1.0)", "mypy-boto3-budgets (1.15.1.0)", "mypy-boto3-ce (1.15.1.0)", "mypy-boto3-chime (1.15.1.0)", "mypy-boto3-cloud9 (1.15.1.0)", "mypy-boto3-clouddirectory (1.15.1.0)", "mypy-boto3-cloudformation (1.15.1.0)", "mypy-boto3-cloudfront (1.15.1.0)", "mypy-boto3-cloudhsm (1.15.1.0)", "mypy-boto3-cloudhsmv2 (1.15.1.0)", "mypy-boto3-cloudsearch (1.15.1.0)", "mypy-boto3-cloudsearchdomain (1.15.1.0)", "mypy-boto3-cloudtrail (1.15.1.0)", "mypy-boto3-cloudwatch (1.15.1.0)", "mypy-boto3-codeartifact (1.15.1.0)", "mypy-boto3-codebuild (1.15.1.0)", "mypy-boto3-codecommit (1.15.1.0)", "mypy-boto3-codedeploy (1.15.1.0)", "mypy-boto3-codeguru-reviewer (1.15.1.0)", "mypy-boto3-codeguruprofiler (1.15.1.0)", "mypy-boto3-codepipeline (1.15.1.0)", "mypy-boto3-codestar (1.15.1.0)", "mypy-boto3-codestar-connections (1.15.1.0)", "mypy-boto3-codestar-notifications (1.15.1.0)", "mypy-boto3-cognito-identity (1.15.1.0)", "mypy-boto3-cognito-idp (1.15.1.0)", "mypy-boto3-cognito-sync (1.15.1.0)", "mypy-boto3-comprehend (1.15.1.0)", "mypy-boto3-comprehendmedical (1.15.1.0)", "mypy-boto3-compute-optimizer (1.15.1.0)", "mypy-boto3-config (1.15.1.0)", "mypy-boto3-connect (1.15.1.0)", "mypy-boto3-connectparticipant (1.15.1.0)", "mypy-boto3-cur (1.15.1.0)", "mypy-boto3-dataexchange (1.15.1.0)", "mypy-boto3-datapipeline (1.15.1.0)", "mypy-boto3-datasync (1.15.1.0)", "mypy-boto3-dax (1.15.1.0)", "mypy-boto3-detective (1.15.1.0)", "mypy-boto3-devicefarm (1.15.1.0)", "mypy-boto3-directconnect (1.15.1.0)", "mypy-boto3-discovery (1.15.1.0)", "mypy-boto3-dlm (1.15.1.0)", "mypy-boto3-dms (1.15.1.0)", "mypy-boto3-docdb (1.15.1.0)", "mypy-boto3-ds (1.15.1.0)", "mypy-boto3-dynamodb (1.15.1.0)", "mypy-boto3-dynamodbstreams (1.15.1.0)", "mypy-boto3-ebs (1.15.1.0)", "mypy-boto3-ec2 (1.15.1.0)", "mypy-boto3-ec2-instance-connect (1.15.1.0)", "mypy-boto3-ecr (1.15.1.0)", "mypy-boto3-ecs (1.15.1.0)", "mypy-boto3-efs (1.15.1.0)", "mypy-boto3-eks (1.15.1.0)", "mypy-boto3-elastic-inference (1.15.1.0)", "mypy-boto3-elasticache (1.15.1.0)", "mypy-boto3-elasticbeanstalk (1.15.1.0)", "mypy-boto3-elastictranscoder (1.15.1.0)", "mypy-boto3-elb (1.15.1.0)", "mypy-boto3-elbv2 (1.15.1.0)", "mypy-boto3-emr (1.15.1.0)", "mypy-boto3-es (1.15.1.0)", "mypy-boto3-events (1.15.1.0)", "mypy-boto3-firehose (1.15.1.0)", "mypy-boto3-fms (1.15.1.0)", "mypy-boto3-forecast (1.15.1.0)", "mypy-boto3-forecastquery (1.15.1.0)", "mypy-boto3-frauddetector (1.15.1.0)", "mypy-boto3-fsx (1.15.1.0)", "mypy-boto3-gamelift (1.15.1.0)", "mypy-boto3-glacier (1.15.1.0)", "mypy-boto3-globalaccelerator (1.15.1.0)", "mypy-boto3-glue (1.15.1.0)", "mypy-boto3-greengrass (1.15.1.0)", "mypy-boto3-groundstation (1.15.1.0)", "mypy-boto3-guardduty (1.15.1.0)", "mypy-boto3-health (1.15.1.0)", "mypy-boto3-honeycode (1.15.1.0)", "mypy-boto3-iam (1.15.1.0)", "mypy-boto3-identitystore (1.15.1.0)", "mypy-boto3-imagebuilder (1.15.1.0)", "mypy-boto3-importexport (1.15.1.0)", "mypy-boto3-inspector (1.15.1.0)", "mypy-boto3-iot (1.15.1.0)", "mypy-boto3-iot-data (1.15.1.0)", "mypy-boto3-iot-jobs-data (1.15.1.0)", "mypy-boto3-iot1click-devices (1.15.1.0)", "mypy-boto3-iot1click-projects (1.15.1.0)", "mypy-boto3-iotanalytics (1.15.1.0)", "mypy-boto3-iotevents (1.15.1.0)", "mypy-boto3-iotevents-data (1.15.1.0)", "mypy-boto3-iotsecuretunneling (1.15.1.0)", "mypy-boto3-iotsitewise (1.15.1.0)", "mypy-boto3-iotthingsgraph (1.15.1.0)", "mypy-boto3-ivs (1.15.1.0)", "mypy-boto3-kafka (1.15.1.0)", "mypy-boto3-kendra (1.15.1.0)", "mypy-boto3-kinesis (1.15.1.0)", "mypy-boto3-kinesis-video-archived-media (1.15.1.0)", "mypy-boto3-kinesis-video-media (1.15.1.0)", "mypy-boto3-kinesis-video-signaling (1.15.1.0)", "mypy-boto3-kinesisanalytics (1.15.1.0)", "mypy-boto3-kinesisanalyticsv2 (1.15.1.0)", "mypy-boto3-kinesisvideo (1.15.1.0)", "mypy-boto3-kms (1.15.1.0)", "mypy-boto3-lakeformation (1.15.1.0)", "mypy-boto3-lambda (1.15.1.0)", "mypy-boto3-lex-models (1.15.1.0)", "mypy-boto3-lex-runtime (1.15.1.0)", "mypy-boto3-license-manager (1.15.1.0)", "mypy-boto3-lightsail (1.15.1.0)", "mypy-boto3-logs (1.15.1.0)", "mypy-boto3-machinelearning (1.15.1.0)", "mypy-boto3-macie (1.15.1.0)", "mypy-boto3-macie2 (1.15.1.0)", "mypy-boto3-managedblockchain (1.15.1.0)", "mypy-boto3-marketplace-catalog (1.15.1.0)", "mypy-boto3-marketplace-entitlement (1.15.1.0)", "mypy-boto3-marketplacecommerceanalytics (1.15.1.0)", "mypy-boto3-mediaconnect (1.15.1.0)", "mypy-boto3-mediaconvert (1.15.1.0)", "mypy-boto3-medialive (1.15.1.0)", "mypy-boto3-mediapackage (1.15.1.0)", "mypy-boto3-mediapackage-vod (1.15.1.0)", "mypy-boto3-mediastore (1.15.1.0)", "mypy-boto3-mediastore-data (1.15.1.0)", "mypy-boto3-mediatailor (1.15.1.0)", "mypy-boto3-meteringmarketplace (1.15.1.0)", "mypy-boto3-mgh (1.15.1.0)", "mypy-boto3-migrationhub-config (1.15.1.0)", "mypy-boto3-mobile (1.15.1.0)", "mypy-boto3-mq (1.15.1.0)", "mypy-boto3-mturk (1.15.1.0)", "mypy-boto3-neptune (1.15.1.0)", "mypy-boto3-networkmanager (1.15.1.0)", "mypy-boto3-opsworks (1.15.1.0)", "mypy-boto3-opsworkscm (1.15.1.0)", "mypy-boto3-organizations (1.15.1.0)", "mypy-boto3-outposts (1.15.1.0)", "mypy-boto3-personalize (1.15.1.0)", "mypy-boto3-personalize-events (1.15.1.0)", "mypy-boto3-personalize-runtime (1.15.1.0)", "mypy-boto3-pi (1.15.1.0)", "mypy-boto3-pinpoint (1.15.1.0)", "mypy-boto3-pinpoint-email (1.15.1.0)", "mypy-boto3-pinpoint-sms-voice (1.15.1.0)", "mypy-boto3-polly (1.15.1.0)", "mypy-boto3-pricing (1.15.1.0)", "mypy-boto3-qldb (1.15.1.0)", "mypy-boto3-qldb-session (1.15.1.0)", "mypy-boto3-quicksight (1.15.1.0)", "mypy-boto3-ram (1.15.1.0)", "mypy-boto3-rds (1.15.1.0)", "mypy-boto3-rds-data (1.15.1.0)", "mypy-boto3-redshift (1.15.1.0)", "mypy-boto3-redshift-data (1.15.1.0)", "mypy-boto3-rekognition (1.15.1.0)", "mypy-boto3-resource-groups (1.15.1.0)", "mypy-boto3-resourcegroupstaggingapi (1.15.1.0)", "mypy-boto3-robomaker (1.15.1.0)", "mypy-boto3-route53 (1.15.1.0)", "mypy-boto3-route53domains (1.15.1.0)", "mypy-boto3-route53resolver (1.15.1.0)", "mypy-boto3-s3 (1.15.1.0)", "mypy-boto3-s3control (1.15.1.0)", "mypy-boto3-sagemaker (1.15.1.0)", "mypy-boto3-sagemaker-a2i-runtime (1.15.1.0)", "mypy-boto3-sagemaker-runtime (1.15.1.0)", "mypy-boto3-savingsplans (1.15.1.0)", "mypy-boto3-schemas (1.15.1.0)", "mypy-boto3-sdb (1.15.1.0)", "mypy-boto3-secretsmanager (1.15.1.0)", "mypy-boto3-securityhub (1.15.1.0)", "mypy-boto3-serverlessrepo (1.15.1.0)", "mypy-boto3-service-quotas (1.15.1.0)", "mypy-boto3-servicecatalog (1.15.1.0)", "mypy-boto3-servicediscovery (1.15.1.0)", "mypy-boto3-ses (1.15.1.0)", "mypy-boto3-sesv2 (1.15.1.0)", "mypy-boto3-shield (1.15.1.0)", "mypy-boto3-signer (1.15.1.0)", "mypy-boto3-sms (1.15.1.0)", "mypy-boto3-sms-voice (1.15.1.0)", "mypy-boto3-snowball (1.15.1.0)", "mypy-boto3-sns (1.15.1.0)", "mypy-boto3-sqs (1.15.1.0)", "mypy-boto3-ssm (1.15.1.0)", "mypy-boto3-sso (1.15.1.0)", "mypy-boto3-sso-admin (1.15.1.0)", "mypy-boto3-sso-oidc (1.15.1.0)", "mypy-boto3-stepfunctions (1.15.1.0)", "mypy-boto3-storagegateway (1.15.1.0)", "mypy-boto3-sts (1.15.1.0)", "mypy-boto3-support (1.15.1.0)", "mypy-boto3-swf (1.15.1.0)", "mypy-boto3-synthetics (1.15.1.0)", "mypy-boto3-textract (1.15.1.0)", "mypy-boto3-transcribe (1.15.1.0)", "mypy-boto3-transfer (1.15.1.0)", "mypy-boto3-translate (1.15.1.0)", "mypy-boto3-waf (1.15.1.0)", "mypy-boto3-waf-regional (1.15.1.0)", "mypy-boto3-wafv2 (1.15.1.0)", "mypy-boto3-workdocs (1.15.1.0)", "mypy-boto3-worklink (1.15.1.0)", "mypy-boto3-workmail (1.15.1.0)", "mypy-boto3-workmailmessageflow (1.15.1.0)", "mypy-boto3-workspaces (1.15.1.0)", "mypy-boto3-xray (1.15.1.0)"]
amplify = ["mypy-boto3-amplify (1.15.1.0)"]
apigateway = ["mypy-boto3-apigateway (1.15.1.0)"]
apigatewaymanagementapi = ["mypy-boto3-apigatewaymanagementapi (1.15.1.0)"]
apigatewayv2 = ["mypy-boto3-apigatewayv2 (1.15.1.0)"]
appconfig = ["mypy-boto3-appconfig (1.15.1.0)"]
appflow = ["mypy-boto3-appflow (1.15.1.0)"]
application-autoscaling = ["mypy-boto3-application-autoscaling (1.15.1.0)"]
application-insights = ["mypy-boto3-application-insights (1.15.1.0)"]
appmesh = ["mypy-boto3-appmesh (1.15.1.0)"]
appstream = ["mypy-boto3-appstream (1.15.1.0)"]
appsync = ["mypy-boto3-appsync (1.15.1.0)"]
athena = ["mypy-boto3-athena (1.15.1.0)"]
autoscaling = ["mypy-boto3-autoscaling (1.15.1.0)"]
autoscaling-plans = ["mypy-boto3-autoscaling-plans (1.15.1.0)"]
backup = ["mypy-boto3-backup (1.15.1.0)"]
batch = ["mypy-boto3-batch (1.15.1.0)"]
braket = ["mypy-boto3-braket (1.15.1.0)"]
budgets = ["mypy-boto3-budgets (1.15.1.0)"]
ce = ["mypy-boto3-ce (1.15.1.0)"]
chime = ["mypy-boto3-chime (1.15.1.0)"]
cloud9 = ["mypy-boto3-cloud9 (1.15.1.0)"]
clouddirectory = ["mypy-boto3-clouddirectory (1.15.1.0)"]
cloudformation = ["mypy-boto3-cloudformation (1.15.1.0)"]
cloudfront = ["mypy-boto3-cloudfront (1.15.1.0)"]
cloudhsm = ["mypy-boto3-cloudhsm (1.15.1.0)"]
cloudhsmv2 = ["mypy-boto3-cloudhsmv2 (1.15.1.0)"]
cloudsearch = ["mypy-boto3-cloudsearch (1.15.1.0)"]
cloudsearchdomain = ["mypy-boto3-cloudsearchdomain (1.15.1.0)"]
cloudtrail = ["mypy-boto3-cloudtrail (1.15.1.0)"]
cloudwatch = ["mypy-boto3-cloudwatch (1.15.1.0)"]
codeartifact = ["mypy-boto3-codeartifact (1.15.1.0)"]
codebuild = ["mypy-boto3-codebuild (1.15.1.0)"]
codecommit = ["mypy-boto3-codecommit (1.15.1.0)"]
codedeploy = ["mypy-boto3-codedeploy (1.15.1.0)"]
codeguru-reviewer = ["mypy-boto3-codeguru-reviewer (1.15.1.0)"]
codeguruprofiler = ["mypy-boto3-codeguruprofiler (1.15.1.0)"]
codepipeline = ["mypy-boto3-codepipeline (1.15.1.0)"]
codestar = ["mypy-boto3-codestar (1.15.1.0)"]
codestar-connections = ["mypy-boto3-codestar-connections (1.15.1.0)"]
codestar-notifications = ["mypy-boto3-codestar-notifications (1.15.1.0)"]
cognito-identity = ["mypy-boto3-cognito-identity (1.15.1.0)"]
cognito-idp = ["mypy-boto3-cognito-idp (1.15.1.0)"]
cognito-sync = ["mypy-boto3-cognito-sync (1.15.1.0)"]
comprehend = ["mypy-boto3-comprehend (1.15.1.0)"]
comprehendmedical = ["mypy-boto3-comprehendmedical (1.15.1.0)"]
compute-optimizer = ["mypy-boto3-compute-optimizer (1.15.1.0)"]
config = ["mypy-boto3-config (1.15.1.0)"]
connect = ["mypy-boto3-connect (1.15.1.0)"]
connectparticipant = ["mypy-boto3-connectparticipant (1.15.1.0)"]
cur = ["mypy-boto3-cur (1.15.1.0)"]
dataexchange = ["mypy-boto3-dataexchange (1.15.1.0)"]
datapipeline = ["mypy-boto3-datapipeline (1.15.1.0)"]
datasync = ["mypy-boto3-datasync (1.15.1.0)"]
dax = ["mypy-boto3-dax (1.15.1.0)"]
detective = ["mypy-boto3-detective (1.15.1.0)"]
devicefarm = ["mypy-boto3-devicefarm (1.15.1.0)"]
directconnect = ["mypy-boto3-directconnect (1.15.1.0)"]
discovery = ["mypy-boto3-discovery (1.15.1.0)"]
dlm = ["mypy-boto3-dlm (1.15.1.0)"]
dms = ["mypy-boto3-dms (1.15.1.0)"]
docdb = ["mypy-boto3-docdb (1.15.1.0)"]
ds = ["mypy-boto3-ds (1.15.1.0)"]
dynamodb = ["mypy-boto3-dynamodb (1.15.1.0)"]
dynamodbstreams = ["mypy-boto3-dynamodbstreams (1.15.1.0)"]
ebs = ["mypy-boto3-ebs (1.15.1.0)"]
ec2 = ["mypy-boto3-ec2 (1.15.1.0)"]
ec2-instance-connect = ["mypy-boto3-ec2-instance-connect (1.15.1.0)"]
ecr = ["mypy-boto3-ecr (1.15.1.0)"]
ecs = ["mypy-boto3-ecs (1.15.1.0)"]
efs = ["mypy-boto3-efs (1.15.1.0)"]
eks = ["mypy-boto3-eks (1.15.1.0)"]
elastic-inference = ["mypy-boto3-elastic-inference (1.15.1.0)"]
elasticache = ["mypy-boto3-elasticache (1.15.1.0)"]
elasticbeanstalk = ["mypy-boto3-elasticbeanstalk (1.15.1.0)"]
elastictranscoder = ["mypy-boto3-elastictranscoder (1.15.1.0)"]
elb = ["mypy-boto3-elb (1.15.1.0)"]
elbv2 = ["mypy-boto3-elbv2 (1.15.1.0)"]
emr = ["mypy-boto3-emr (1.15.1.0)"]
es = ["mypy-boto3-es (1.15.1.0)"]
essential = ["mypy-boto3-cloudformation (1.15.1.0)", "mypy-boto3-dynamodb (1.15.1.0)", "mypy-boto3-ec2 (1.15.1.0)", "mypy-boto3-lambda (1.15.1.0)", "mypy-boto3-rds (1.15.1.0)", "mypy-boto3-s3 (1.15.1.0)", "mypy-boto3-sqs (1.15.1.0)"]
events = ["mypy-boto3-events (1.15.1.0)"]
firehose = ["mypy-boto3-firehose (1.15.1.0)"]
fms = ["mypy-boto3-fms (1.15.1.0)"]
forecast = ["mypy-boto3-forecast (1.15.1.0)"]
forecastquery = ["mypy-boto3-forecastquery (1.15.1.0)"]
frauddetector = ["mypy-boto3-frauddetector (1.15.1.0)"]
fsx = ["mypy-boto3-fsx (1.15.1.0)"]
gamelift = ["mypy-boto3-gamelift (1.15.1.0)"]
glacier = ["mypy-boto3-glacier (1.15.1.0)"]
globalaccelerator = ["mypy-boto3-globalaccelerator (1.15.1.0)"]
glue = ["mypy-boto3-glue (1.15.1.0)"]
greengrass = ["mypy-boto3-greengrass (1.15.1.0)"]
groundstation = ["mypy-boto3-groundstation (1.15.1.0)"]
guardduty = ["mypy-boto3-guardduty (1.15.1.0)"]
health = ["mypy-boto3-health (1.15.1.0)"]
honeycode = ["mypy-boto3-honeycode (1.15.1.0)"]
iam = ["mypy-boto3-iam (1.15.1.0)"]
identitystore = ["mypy-boto3-identitystore (1.15.1.0)"]
imagebuilder = ["mypy-boto3-imagebuilder (1.15.1.0)"]
importexport = ["mypy-boto3-importexport (1.15.1.0)"]
inspector = ["mypy-boto3-inspector (1.15.1.0)"]
iot = ["mypy-boto3-iot (1.15.1.0)"]
iot-data = ["mypy-boto3-iot-data (1.15.1.0)"]
iot-jobs-data = ["mypy-boto3-iot-jobs-data (1.15.1.0)"]
iot1click-devices = ["mypy-boto3-iot1click-devices (1.15.1.0)"]
iot1click-projects = ["mypy-boto3-iot1click-projects (1.15.1.0)"]
iotanalytics = ["mypy-boto3-iotanalytics (1.15.1.0)"]
iotevents = ["mypy-boto3-iotevents (1.15.1.0)"]
iotevents-data = ["mypy-boto3-iotevents-data (1.15.1.0)"]
iotsecuretunneling = ["mypy-boto3-iotsecuretunneling (1.15.1.0)"]
iotsitewise = ["mypy-boto3-iotsitewise (1.15.1.0)"]
iotthingsgraph = ["mypy-boto3-iotthingsgraph (1.15.1.0)"]
ivs = ["mypy-boto3-ivs (1.15.1.0)"]
kafka = ["mypy-boto3-kafka (1.15.1.0)"]
kendra = ["mypy-boto3-kendra (1.15.1.0)"]
kinesis = ["mypy-boto3-kinesis (1.15.1.0)"]
kinesis-video-archived-media = ["mypy-boto3-kinesis-video-archived-media (1.15.1.0)"]
kinesis-video-media = ["mypy-boto3-kinesis-video-media (1.15.1.0)"]
kinesis-video-signaling = ["mypy-boto3-kinesis-video-signaling (1.15.1.0)"]
kinesisanalytics = ["mypy-boto3-kinesisanalytics (1.15.1.0)"]
kinesisanalyticsv2 = ["mypy-boto3-kinesisanalyticsv2 (1.15.1.0)"]
kinesisvideo = ["mypy-boto3-kinesisvideo (1.15.1.0)"]
kms = ["mypy-boto3-kms (1.15.1.0)"]
lakeformation = ["mypy-boto3-lakeformation (1.15.1.0)"]
lambda = ["mypy-boto3-lambda (1.15.1.0)"]
lex-models = ["mypy-boto3-lex-models (1.15.1.0)"]
lex-runtime = ["mypy-boto3-lex-runtime (1.15.1.0)"]
license-manager = ["mypy-boto3-license-manager (1.15.1.0)"]
lightsail = ["mypy-boto3-lightsail (1.15.1.0)"]
logs = ["mypy-boto3-logs (1.15.1.0)"]
machinelearning = ["mypy-boto3-machinelearning (1.15.1.0)"]
macie = ["mypy-boto3-macie (1.15.1.0)"]
macie2 = ["mypy-boto3-macie2 (1.15.1.0)"]
managedblockchain = ["mypy-boto3-managedblockchain (1.15.1.0)"]
marketplace-catalog = ["mypy-boto3-marketplace-catalog (1.15.1.0)"]
marketplace-entitlement = ["mypy-boto3-marketplace-entitlement (1.15.1.0)"]
marketplacecommerceanalytics = ["mypy-boto3-marketplacecommerceanalytics (1.15.1.0)"]
mediaconnect = ["mypy-boto3-mediaconnect (1.15.1.0)"]
mediaconvert = ["mypy-boto3-mediaconvert (1.15.1.0)"]
medialive = ["mypy-boto3-medialive (1.15.1.0)"]
mediapackage = ["mypy-boto3-mediapackage (1.15.1.0)"]
mediapackage-vod = ["mypy-boto3-mediapackage-vod (1.15.1.0)"]
mediastore = ["mypy-boto3-mediastore (1.15.1.0)"]
mediastore-data = ["mypy-boto3-mediastore-data (1.15.1.0)"]
mediatailor = ["mypy-boto3-mediatailor (1.15.1.0)"]
meteringmarketplace = ["mypy-boto3-meteringmarketplace (1.15.1.0)"]
mgh = ["mypy-boto3-mgh (1.15.1.0)"]
migrationhub-config = ["mypy-boto3-migrationhub-config (1.15.1.0)"]
mobile = ["mypy-boto3-mobile (1.15.1.0)"]
mq = ["mypy-boto3-mq (1.15.1.0)"]
mturk = ["mypy-boto3-mturk (1.15.1.0)"]
neptune = ["mypy-boto3-neptune (1.15.1.0)"]
networkmanager = ["mypy-boto3-networkmanager (1.15.1.0)"]
opsworks = ["mypy-boto3-opsworks (1.15.1.0)"]
opsworkscm = ["mypy-boto3-opsworkscm (1.15.1.0)"]
organizations = ["mypy-boto3-organizations (1.15.1.0)"]
outposts = ["mypy-boto3-outposts (1.15.1.0)"]
personalize = ["mypy-boto3-personalize (1.15.1.0)"]
personalize-events = ["mypy-boto3-personalize-events (1.15.1.0)"]
personalize-runtime = ["mypy-boto3-personalize-runtime (1.15.1.0)"]
pi = ["mypy-boto3-pi (1.15.1.0)"]
pinpoint = ["mypy-boto3-pinpoint (1.15.1.0)"]
pinpoint-email = ["mypy-boto3-pinpoint-email (1.15.1.0)"]
pinpoint-sms-voice = ["mypy-boto3-pinpoint-sms-voice (1.15.1.0)"]
polly = ["mypy-boto3-polly (1.15.1.0)"]
pricing = ["mypy-boto3-pricing (1.15.1.0)"]
qldb = ["mypy-boto3-qldb (1.15.1.0)"]
qldb-session = ["mypy-boto3-qldb-session (1.15.1.0)"]
quicksight = ["mypy-boto3-quicksight (1.15.1.0)"]
ram = ["mypy-boto3-ram (1.15.1.0)"]
rds = ["mypy-boto3-rds (1.15.1.0)"]
rds-data = ["mypy-boto3-rds-data (1.15.1.0)"]
redshift = ["mypy-boto3-redshift (1.15.1.0)"]
redshift-data = ["mypy-boto3-redshift-data (1.15.1.0)"]
rekognition = ["mypy-boto3-rekognition (1.15.1.0)"]
resource-groups = ["mypy-boto3-resource-groups (1.15.1.0)"]
resourcegroupstaggingapi = ["mypy-boto3-resourcegroupstaggingapi (1.15.1.0)"]
robomaker = ["mypy-boto3-robomaker (1.15.1.0)"]
route53 = ["mypy-boto3-route53 (1.15.1.0)"]
route53domains = ["mypy-boto3-route53domains (1.15.1.0)"]
route53resolver = ["mypy-boto3-route53resolver (1.15.1.0)"]
s3 = ["mypy-boto3-s3 (1.15.1.0)"]
s3control = ["mypy-boto3-s3control (1.15.1.0)"]
sagemaker = ["mypy-boto3-sagemaker (1.15.1.0)"]
sagemaker-a2i-runtime = ["mypy-boto3-sagemaker-a2i-runtime (1.15.1.0)"]
sagemaker-runtime = ["mypy-boto3-sagemaker-runtime (1.15.1.0)"]
savingsplans = ["mypy-boto3-savingsplans (1.15.1.0)"]
schemas = ["mypy-boto3-schemas (1.15.1.0)"]
sdb = ["mypy-boto3-sdb (1.15.1.0)"]
secretsmanager = ["mypy-boto3-secretsmanager (1.15.1.0)"]
securityhub = ["mypy-boto3-securityhub (1.15.1.0)"]
serverlessrepo = ["mypy-boto3-serverlessrepo (1.15.1.0)"]
service-quotas = ["mypy-boto3-service-quotas (1.15.1.0)"]
servicecatalog = ["mypy-boto3-servicecatalog (1.15.1.0)"]
servicediscovery = ["mypy-boto3-servicediscovery (1.15.1.0)"]
ses = ["mypy-boto3-ses (1.15.1.0)"]
sesv2 = ["mypy-boto3-sesv2 (1.15.1.0)"]
shield = ["mypy-boto3-shield (1.15.1.0)"]
signer = ["mypy-boto3-signer (1.15.1.0)"]
sms = ["mypy-boto3-sms (1.15.1.0)"]
sms-voice = ["mypy-boto3-sms-voice (1.15.1.0)"]
snowball = ["mypy-boto3-snowball (1.15.1.0)"]
sns = ["mypy-boto3-sns (1.15.1.0)"]
sqs = ["mypy-boto3-sqs (1.15.1.0)"]
ssm = ["mypy-boto3-ssm (1.15.1.0)"]
sso = ["mypy-boto3-sso (1.15.1.0)"]
sso-admin = ["mypy-boto3-sso-admin (1.15.1.0)"]
sso-oidc = ["mypy-boto3-sso-oidc (1.15.1.0)"]
stepfunctions = ["mypy-boto3-stepfunctions (1.15.1.0)"]
storagegateway = ["mypy-boto3-storagegateway (1.15.1.0)"]
sts = ["mypy-boto3-sts (1.15.1.0)"]
support = ["mypy-boto3-support (1.15.1.0)"]
swf = ["mypy-boto3-swf (1.15.1.0)"]
synthetics = ["mypy-boto3-synthetics (1.15.1.0)"]
textract = ["mypy-boto3-textract (1.15.1.0)"]
transcribe = ["mypy-boto3-transcribe (1.15.1.0)"]
transfer = ["mypy-boto3-transfer (1.15.1.0)"]
translate = ["mypy-boto3-translate (1.15.1.0)"]
waf = ["mypy-boto3-waf (1.15.1.0)"]
waf-regional = ["mypy-boto3-waf-regional (1.15.1.0)"]
wafv2 = ["mypy-boto3-wafv2 (1.15.1.0)"]
workdocs = ["mypy-boto3-workdocs (1.15.1.0)"]
worklink = ["mypy-boto3-worklink (1.15.1.0)"]
workmail = ["mypy-boto3-workmail (1.15.1.0)"]
workmailmessageflow = ["mypy-boto3-workmailmessageflow (1.15.1.0)"]
workspaces = ["mypy-boto3-workspaces (1.15.1.0)"]
xray = ["mypy-boto3-xray (1.15.1.0)"]

[[package]]
category = "main"
description = "Low-level, data-driven core of boto 3."
name = "botocore"
optional = false
python-versions = "*"
version = "1.18.1"

[package.dependencies]
jmespath = ">=0.7.1,<1.0.0"
python-dateutil = ">=2.1,<3.0.0"

[package.dependencies.urllib3]
python = "<3.4.0 || >=3.5.0"
version = ">=1.20,<1.26"

[[package]]
category = "main"
description = "Distributed Task Queue."
name = "celery"
optional = false
python-versions = ">=2.7, !=3.0.*, !=3.1.*, !=3.2.*, !=3.3.*, !=3.4.*"
version = "4.4.7"

[package.dependencies]
billiard = ">=3.6.3.0,<4.0"
kombu = ">=4.6.10,<4.7"
pytz = ">0.0-dev"
vine = "1.3.0"

[package.extras]
arangodb = ["pyArango (>=1.3.2)"]
auth = ["cryptography"]
azureblockblob = ["azure-storage (0.36.0)", "azure-common (1.1.5)", "azure-storage-common (1.1.0)"]
brotli = ["brotli (>=1.0.0)", "brotlipy (>=0.7.0)"]
cassandra = ["cassandra-driver (<3.21.0)"]
consul = ["python-consul"]
cosmosdbsql = ["pydocumentdb (2.3.2)"]
couchbase = ["couchbase-cffi (<3.0.0)", "couchbase (<3.0.0)"]
couchdb = ["pycouchdb"]
django = ["Django (>=1.11)"]
dynamodb = ["boto3 (>=1.9.178)"]
elasticsearch = ["elasticsearch"]
eventlet = ["eventlet (>=0.24.1)"]
gevent = ["gevent"]
librabbitmq = ["librabbitmq (>=1.5.0)"]
lzma = ["backports.lzma"]
memcache = ["pylibmc"]
mongodb = ["pymongo (>=3.3.0)"]
msgpack = ["msgpack"]
pymemcache = ["python-memcached"]
pyro = ["pyro4"]
redis = ["redis (>=3.2.0)"]
riak = ["riak (>=2.0)"]
s3 = ["boto3 (>=1.9.125)"]
slmq = ["softlayer-messaging (>=1.0.3)"]
solar = ["ephem"]
sqlalchemy = ["sqlalchemy"]
sqs = ["boto3 (>=1.9.125)", "pycurl (7.43.0.5)"]
tblib = ["tblib (>=1.3.0)", "tblib (>=1.5.0)"]
yaml = ["PyYAML (>=3.10)"]
zookeeper = ["kazoo (>=1.3.1)"]
zstd = ["zstandard"]

[[package]]
category = "main"
description = "Python package for providing Mozilla's CA Bundle."
name = "certifi"
optional = false
python-versions = "*"
version = "2020.6.20"

[[package]]
category = "main"
description = "Another Python configuration tool"
name = "cool-config"
optional = false
python-versions = ">=3.6"
version = "0.2.3"

[package.dependencies]
pyyaml = ">=4.2b1"

[[package]]
category = "main"
description = "Easily serialize dataclasses to and from JSON"
name = "dataclasses-json"
optional = false
python-versions = ">=3.6"
version = "0.5.2"

[package.dependencies]
marshmallow = ">=3.3.0,<4.0.0"
marshmallow-enum = ">=1.5.1,<2.0.0"
stringcase = "1.2.0"
typing-inspect = ">=0.4.0"

[package.extras]
dev = ["pytest", "ipython", "mypy (>=0.710)", "hypothesis", "portray", "flake8", "simplejson"]

[[package]]
category = "main"
description = "Read metadata from Python packages"
marker = "python_version < \"3.8\""
name = "importlib-metadata"
optional = false
python-versions = "!=3.0.*,!=3.1.*,!=3.2.*,!=3.3.*,!=3.4.*,>=2.7"
version = "1.7.0"

[package.dependencies]
zipp = ">=0.5"

[package.extras]
docs = ["sphinx", "rst.linker"]
testing = ["packaging", "pep517", "importlib-resources (>=1.3)"]

[[package]]
category = "main"
description = "JSON Matching Expressions"
name = "jmespath"
optional = false
python-versions = ">=2.6, !=3.0.*, !=3.1.*, !=3.2.*"
version = "0.10.0"

[[package]]
category = "main"
description = "Messaging library for Python."
name = "kombu"
optional = false
python-versions = ">=2.7, !=3.0.*, !=3.1.*, !=3.2.*, !=3.3.*, !=3.4.*"
version = "4.6.11"

[package.dependencies]
amqp = ">=2.6.0,<2.7"

[package.dependencies.importlib-metadata]
python = "<3.8"
version = ">=0.18"

[package.extras]
azureservicebus = ["azure-servicebus (>=0.21.1)"]
azurestoragequeues = ["azure-storage-queue"]
consul = ["python-consul (>=0.6.0)"]
librabbitmq = ["librabbitmq (>=1.5.2)"]
mongodb = ["pymongo (>=3.3.0)"]
msgpack = ["msgpack"]
pyro = ["pyro4"]
qpid = ["qpid-python (>=0.26)", "qpid-tools (>=0.26)"]
redis = ["redis (>=3.3.11)"]
slmq = ["softlayer-messaging (>=1.0.3)"]
sqlalchemy = ["sqlalchemy"]
sqs = ["boto3 (>=1.4.4)", "pycurl (7.43.0.2)"]
yaml = ["PyYAML (>=3.10)"]
zookeeper = ["kazoo (>=1.3.1)"]

[[package]]
category = "main"
description = "A lightweight library for converting complex datatypes to and from native Python datatypes."
name = "marshmallow"
optional = false
python-versions = ">=3.5"
version = "3.8.0"

[package.extras]
dev = ["pytest", "pytz", "simplejson", "mypy (0.782)", "flake8 (3.8.3)", "flake8-bugbear (20.1.4)", "pre-commit (>=2.4,<3.0)", "tox"]
docs = ["sphinx (3.2.1)", "sphinx-issues (1.2.0)", "alabaster (0.7.12)", "sphinx-version-warning (1.1.2)", "autodocsumm (0.2.0)"]
lint = ["mypy (0.782)", "flake8 (3.8.3)", "flake8-bugbear (20.1.4)", "pre-commit (>=2.4,<3.0)"]
tests = ["pytest", "pytz", "simplejson"]

[[package]]
category = "main"
description = "Enum field for Marshmallow"
name = "marshmallow-enum"
optional = false
python-versions = "*"
version = "1.5.1"

[package.dependencies]
marshmallow = ">=2.0.0"

[[package]]
category = "main"
description = "Experimental type system extensions for programs checked with the mypy typechecker."
name = "mypy-extensions"
optional = false
python-versions = "*"
version = "0.4.3"

[[package]]
category = "main"
description = "Data validation and settings management using python 3.6 type hinting"
name = "pydantic"
optional = false
python-versions = ">=3.6"
version = "1.6.1"

[package.extras]
dotenv = ["python-dotenv (>=0.10.4)"]
email = ["email-validator (>=1.0.3)"]
typing_extensions = ["typing-extensions (>=3.7.2)"]

[[package]]
category = "main"
description = "Extensions to the standard Python datetime module"
name = "python-dateutil"
optional = false
python-versions = "!=3.0.*,!=3.1.*,!=3.2.*,>=2.7"
version = "2.8.1"

[package.dependencies]
six = ">=1.5"

[[package]]
category = "main"
description = "World timezone definitions, modern and historical"
name = "pytz"
optional = false
python-versions = "*"
version = "2020.1"

[[package]]
category = "main"
description = "YAML parser and emitter for Python"
name = "pyyaml"
optional = false
python-versions = ">=2.7, !=3.0.*, !=3.1.*, !=3.2.*, !=3.3.*, !=3.4.*"
version = "5.3.1"

[[package]]
category = "main"
description = "An Amazon S3 Transfer Manager"
name = "s3transfer"
optional = false
python-versions = "*"
version = "0.3.3"

[package.dependencies]
botocore = ">=1.12.36,<2.0a.0"

[[package]]
category = "main"
description = "Python 2 and 3 compatibility utilities"
name = "six"
optional = false
python-versions = ">=2.7, !=3.0.*, !=3.1.*, !=3.2.*"
version = "1.15.0"

[[package]]
category = "main"
description = "String case converter."
name = "stringcase"
optional = false
python-versions = "*"
version = "1.2.0"

[[package]]
category = "main"
description = "Backported and Experimental Type Hints for Python 3.5+"
name = "typing-extensions"
optional = false
python-versions = "*"
version = "3.7.4.3"

[[package]]
category = "main"
description = "Runtime inspection utilities for typing module."
name = "typing-inspect"
optional = false
python-versions = "*"
version = "0.6.0"

[package.dependencies]
mypy-extensions = ">=0.3.0"
typing-extensions = ">=3.7.4"

[[package]]
category = "main"
description = "HTTP library with thread-safe connection pooling, file post, and more."
marker = "python_version != \"3.4\""
name = "urllib3"
optional = false
python-versions = "*"
version = "1.22"

[package.extras]
secure = ["pyOpenSSL (>=0.14)", "cryptography (>=1.3.4)", "idna (>=2.0.0)", "certifi", "ipaddress"]
socks = ["PySocks (>=1.5.6,<1.5.7 || >1.5.7,<2.0)"]

[[package]]
category = "main"
description = "Promises, promises, promises."
name = "vine"
optional = false
python-versions = ">=2.7, !=3.0.*, !=3.1.*, !=3.2.*, !=3.3.*"
version = "1.3.0"

[[package]]
category = "main"
description = "Backport of pathlib-compatible object wrapper for zip files"
marker = "python_version < \"3.8\""
name = "zipp"
optional = false
python-versions = ">=3.6"
version = "3.1.0"

[package.extras]
docs = ["sphinx", "jaraco.packaging (>=3.2)", "rst.linker (>=1.9)"]
testing = ["jaraco.itertools", "func-timeout"]

[metadata]
content-hash = "a8ef8cb0bf6a4aeb01241de2d2e201c99d5d945e7cb1d4c6da611075dd463b47"
lock-version = "1.0"
python-versions = ">=3.7"

[metadata.files]
amqp = [
    {file = "amqp-2.6.1-py2.py3-none-any.whl", hash = "sha256:aa7f313fb887c91f15474c1229907a04dac0b8135822d6603437803424c0aa59"},
    {file = "amqp-2.6.1.tar.gz", hash = "sha256:70cdb10628468ff14e57ec2f751c7aa9e48e7e3651cfd62d431213c0c4e58f21"},
]
billiard = [
    {file = "billiard-3.6.3.0-py3-none-any.whl", hash = "sha256:bff575450859a6e0fbc2f9877d9b715b0bbc07c3565bb7ed2280526a0cdf5ede"},
    {file = "billiard-3.6.3.0.tar.gz", hash = "sha256:d91725ce6425f33a97dfa72fb6bfef0e47d4652acd98a032bd1a7fbf06d5fa6a"},
]
boto3 = [
    {file = "boto3-1.15.1-py2.py3-none-any.whl", hash = "sha256:888be45e289ba56c4e47cfae5d6b08f097bc981d077fbe6521a6d3dc7a4d757e"},
    {file = "boto3-1.15.1.tar.gz", hash = "sha256:44073b1b1823ffc9edcf9027afbca908dad6bd5000f512ca73f929f6a604ae24"},
]
boto3-stubs = [
    {file = "boto3-stubs-1.15.1.0.tar.gz", hash = "sha256:dfe5cd773d09061732973814104c8702d9b4d03bc6acbd8ea6312938b490fe15"},
    {file = "boto3_stubs-1.15.1.0-py3-none-any.whl", hash = "sha256:1dfa632bc0ef291f6be31c5d8c806d0201c2ca896def3fdbb24e050bc58f25fa"},
]
botocore = [
    {file = "botocore-1.18.1-py2.py3-none-any.whl", hash = "sha256:d6bdf51c8880aa9974e6b61d2f7d9d1debe407287e2e9e60f36c789fe8ba6790"},
    {file = "botocore-1.18.1.tar.gz", hash = "sha256:6bdf60281c2e80360fe904851a1a07df3dcfe066fe88dc7fba2b5e626ac05c8c"},
]
celery = [
    {file = "celery-4.4.7-py2.py3-none-any.whl", hash = "sha256:a92e1d56e650781fb747032a3997d16236d037c8199eacd5217d1a72893bca45"},
    {file = "celery-4.4.7.tar.gz", hash = "sha256:d220b13a8ed57c78149acf82c006785356071844afe0b27012a4991d44026f9f"},
]
certifi = [
    {file = "certifi-2020.6.20-py2.py3-none-any.whl", hash = "sha256:8fc0819f1f30ba15bdb34cceffb9ef04d99f420f68eb75d901e9560b8749fc41"},
    {file = "certifi-2020.6.20.tar.gz", hash = "sha256:5930595817496dd21bb8dc35dad090f1c2cd0adfaf21204bf6732ca5d8ee34d3"},
]
cool-config = [
    {file = "cool_config-0.2.3-py3-none-any.whl", hash = "sha256:973dcc8b70558cc428db62a2eba763d5525e93b09a63482121fede57b0f8a9b2"},
    {file = "cool_config-0.2.3.tar.gz", hash = "sha256:dc9373abc586e8c84bd64ac0171026a142195d65d4edf15dd3be411d25a8b5c3"},
]
dataclasses-json = [
    {file = "dataclasses-json-0.5.2.tar.gz", hash = "sha256:56ec931959ede74b5dedf65cf20772e6a79764d20c404794cce0111c88c085ff"},
    {file = "dataclasses_json-0.5.2-py3-none-any.whl", hash = "sha256:b746c48d9d8e884e2a0ffa59c6220a1b21f94d4f9f12c839da0a8a0efd36dc19"},
]
importlib-metadata = [
    {file = "importlib_metadata-1.7.0-py2.py3-none-any.whl", hash = "sha256:dc15b2969b4ce36305c51eebe62d418ac7791e9a157911d58bfb1f9ccd8e2070"},
    {file = "importlib_metadata-1.7.0.tar.gz", hash = "sha256:90bb658cdbbf6d1735b6341ce708fc7024a3e14e99ffdc5783edea9f9b077f83"},
]
jmespath = [
    {file = "jmespath-0.10.0-py2.py3-none-any.whl", hash = "sha256:cdf6525904cc597730141d61b36f2e4b8ecc257c420fa2f4549bac2c2d0cb72f"},
    {file = "jmespath-0.10.0.tar.gz", hash = "sha256:b85d0567b8666149a93172712e68920734333c0ce7e89b78b3e987f71e5ed4f9"},
]
kombu = [
    {file = "kombu-4.6.11-py2.py3-none-any.whl", hash = "sha256:be48cdffb54a2194d93ad6533d73f69408486483d189fe9f5990ee24255b0e0a"},
    {file = "kombu-4.6.11.tar.gz", hash = "sha256:ca1b45faac8c0b18493d02a8571792f3c40291cf2bcf1f55afed3d8f3aa7ba74"},
]
marshmallow = [
    {file = "marshmallow-3.8.0-py2.py3-none-any.whl", hash = "sha256:2272273505f1644580fbc66c6b220cc78f893eb31f1ecde2af98ad28011e9811"},
    {file = "marshmallow-3.8.0.tar.gz", hash = "sha256:47911dd7c641a27160f0df5fd0fe94667160ffe97f70a42c3cc18388d86098cc"},
]
marshmallow-enum = [
    {file = "marshmallow-enum-1.5.1.tar.gz", hash = "sha256:38e697e11f45a8e64b4a1e664000897c659b60aa57bfa18d44e226a9920b6e58"},
    {file = "marshmallow_enum-1.5.1-py2.py3-none-any.whl", hash = "sha256:57161ab3dbfde4f57adeb12090f39592e992b9c86d206d02f6bd03ebec60f072"},
]
mypy-extensions = [
    {file = "mypy_extensions-0.4.3-py2.py3-none-any.whl", hash = "sha256:090fedd75945a69ae91ce1303b5824f428daf5a028d2f6ab8a299250a846f15d"},
    {file = "mypy_extensions-0.4.3.tar.gz", hash = "sha256:2d82818f5bb3e369420cb3c4060a7970edba416647068eb4c5343488a6c604a8"},
]
pydantic = [
    {file = "pydantic-1.6.1-cp36-cp36m-macosx_10_9_x86_64.whl", hash = "sha256:418b84654b60e44c0cdd5384294b0e4bc1ebf42d6e873819424f3b78b8690614"},
    {file = "pydantic-1.6.1-cp36-cp36m-manylinux1_i686.whl", hash = "sha256:4900b8820b687c9a3ed753684337979574df20e6ebe4227381d04b3c3c628f99"},
    {file = "pydantic-1.6.1-cp36-cp36m-manylinux2014_i686.whl", hash = "sha256:b49c86aecde15cde33835d5d6360e55f5e0067bb7143a8303bf03b872935c75b"},
    {file = "pydantic-1.6.1-cp36-cp36m-manylinux2014_x86_64.whl", hash = "sha256:2de562a456c4ecdc80cf1a8c3e70c666625f7d02d89a6174ecf63754c734592e"},
    {file = "pydantic-1.6.1-cp36-cp36m-win_amd64.whl", hash = "sha256:f769141ab0abfadf3305d4fcf36660e5cf568a666dd3efab7c3d4782f70946b1"},
    {file = "pydantic-1.6.1-cp37-cp37m-macosx_10_9_x86_64.whl", hash = "sha256:2dc946b07cf24bee4737ced0ae77e2ea6bc97489ba5a035b603bd1b40ad81f7e"},
    {file = "pydantic-1.6.1-cp37-cp37m-manylinux1_i686.whl", hash = "sha256:36dbf6f1be212ab37b5fda07667461a9219c956181aa5570a00edfb0acdfe4a1"},
    {file = "pydantic-1.6.1-cp37-cp37m-manylinux2014_i686.whl", hash = "sha256:1783c1d927f9e1366e0e0609ae324039b2479a1a282a98ed6a6836c9ed02002c"},
    {file = "pydantic-1.6.1-cp37-cp37m-manylinux2014_x86_64.whl", hash = "sha256:cf3933c98cb5e808b62fae509f74f209730b180b1e3c3954ee3f7949e083a7df"},
    {file = "pydantic-1.6.1-cp37-cp37m-win_amd64.whl", hash = "sha256:f8af9b840a9074e08c0e6dc93101de84ba95df89b267bf7151d74c553d66833b"},
    {file = "pydantic-1.6.1-cp38-cp38-macosx_10_9_x86_64.whl", hash = "sha256:40d765fa2d31d5be8e29c1794657ad46f5ee583a565c83cea56630d3ae5878b9"},
    {file = "pydantic-1.6.1-cp38-cp38-manylinux1_i686.whl", hash = "sha256:3fa799f3cfff3e5f536cbd389368fc96a44bb30308f258c94ee76b73bd60531d"},
    {file = "pydantic-1.6.1-cp38-cp38-manylinux2014_i686.whl", hash = "sha256:6c3f162ba175678218629f446a947e3356415b6b09122dcb364e58c442c645a7"},
    {file = "pydantic-1.6.1-cp38-cp38-manylinux2014_x86_64.whl", hash = "sha256:eb75dc1809875d5738df14b6566ccf9fd9c0bcde4f36b72870f318f16b9f5c20"},
    {file = "pydantic-1.6.1-cp38-cp38-win_amd64.whl", hash = "sha256:530d7222a2786a97bc59ee0e0ebbe23728f82974b1f1ad9a11cd966143410633"},
    {file = "pydantic-1.6.1-py36.py37.py38-none-any.whl", hash = "sha256:b5b3489cb303d0f41ad4a7390cf606a5f2c7a94dcba20c051cd1c653694cb14d"},
    {file = "pydantic-1.6.1.tar.gz", hash = "sha256:54122a8ed6b75fe1dd80797f8251ad2063ea348a03b77218d73ea9fe19bd4e73"},
]
python-dateutil = [
    {file = "python-dateutil-2.8.1.tar.gz", hash = "sha256:73ebfe9dbf22e832286dafa60473e4cd239f8592f699aa5adaf10050e6e1823c"},
    {file = "python_dateutil-2.8.1-py2.py3-none-any.whl", hash = "sha256:75bb3f31ea686f1197762692a9ee6a7550b59fc6ca3a1f4b5d7e32fb98e2da2a"},
]
pytz = [
    {file = "pytz-2020.1-py2.py3-none-any.whl", hash = "sha256:a494d53b6d39c3c6e44c3bec237336e14305e4f29bbf800b599253057fbb79ed"},
    {file = "pytz-2020.1.tar.gz", hash = "sha256:c35965d010ce31b23eeb663ed3cc8c906275d6be1a34393a1d73a41febf4a048"},
]
pyyaml = [
    {file = "PyYAML-5.3.1-cp27-cp27m-win32.whl", hash = "sha256:74809a57b329d6cc0fdccee6318f44b9b8649961fa73144a98735b0aaf029f1f"},
    {file = "PyYAML-5.3.1-cp27-cp27m-win_amd64.whl", hash = "sha256:240097ff019d7c70a4922b6869d8a86407758333f02203e0fc6ff79c5dcede76"},
    {file = "PyYAML-5.3.1-cp35-cp35m-win32.whl", hash = "sha256:4f4b913ca1a7319b33cfb1369e91e50354d6f07a135f3b901aca02aa95940bd2"},
    {file = "PyYAML-5.3.1-cp35-cp35m-win_amd64.whl", hash = "sha256:cc8955cfbfc7a115fa81d85284ee61147059a753344bc51098f3ccd69b0d7e0c"},
    {file = "PyYAML-5.3.1-cp36-cp36m-win32.whl", hash = "sha256:7739fc0fa8205b3ee8808aea45e968bc90082c10aef6ea95e855e10abf4a37b2"},
    {file = "PyYAML-5.3.1-cp36-cp36m-win_amd64.whl", hash = "sha256:69f00dca373f240f842b2931fb2c7e14ddbacd1397d57157a9b005a6a9942648"},
    {file = "PyYAML-5.3.1-cp37-cp37m-win32.whl", hash = "sha256:d13155f591e6fcc1ec3b30685d50bf0711574e2c0dfffd7644babf8b5102ca1a"},
    {file = "PyYAML-5.3.1-cp37-cp37m-win_amd64.whl", hash = "sha256:73f099454b799e05e5ab51423c7bcf361c58d3206fa7b0d555426b1f4d9a3eaf"},
    {file = "PyYAML-5.3.1-cp38-cp38-win32.whl", hash = "sha256:06a0d7ba600ce0b2d2fe2e78453a470b5a6e000a985dd4a4e54e436cc36b0e97"},
    {file = "PyYAML-5.3.1-cp38-cp38-win_amd64.whl", hash = "sha256:95f71d2af0ff4227885f7a6605c37fd53d3a106fcab511b8860ecca9fcf400ee"},
    {file = "PyYAML-5.3.1.tar.gz", hash = "sha256:b8eac752c5e14d3eca0e6dd9199cd627518cb5ec06add0de9d32baeee6fe645d"},
]
s3transfer = [
    {file = "s3transfer-0.3.3-py2.py3-none-any.whl", hash = "sha256:2482b4259524933a022d59da830f51bd746db62f047d6eb213f2f8855dcb8a13"},
    {file = "s3transfer-0.3.3.tar.gz", hash = "sha256:921a37e2aefc64145e7b73d50c71bb4f26f46e4c9f414dc648c6245ff92cf7db"},
]
six = [
    {file = "six-1.15.0-py2.py3-none-any.whl", hash = "sha256:8b74bedcbbbaca38ff6d7491d76f2b06b3592611af620f8426e82dddb04a5ced"},
    {file = "six-1.15.0.tar.gz", hash = "sha256:30639c035cdb23534cd4aa2dd52c3bf48f06e5f4a941509c8bafd8ce11080259"},
]
stringcase = [
    {file = "stringcase-1.2.0.tar.gz", hash = "sha256:48a06980661908efe8d9d34eab2b6c13aefa2163b3ced26972902e3bdfd87008"},
]
typing-extensions = [
    {file = "typing_extensions-3.7.4.3-py2-none-any.whl", hash = "sha256:dafc7639cde7f1b6e1acc0f457842a83e722ccca8eef5270af2d74792619a89f"},
    {file = "typing_extensions-3.7.4.3-py3-none-any.whl", hash = "sha256:7cb407020f00f7bfc3cb3e7881628838e69d8f3fcab2f64742a5e76b2f841918"},
    {file = "typing_extensions-3.7.4.3.tar.gz", hash = "sha256:99d4073b617d30288f569d3f13d2bd7548c3a7e4c8de87db09a9d29bb3a4a60c"},
]
typing-inspect = [
    {file = "typing_inspect-0.6.0-py2-none-any.whl", hash = "sha256:de08f50a22955ddec353876df7b2545994d6df08a2f45d54ac8c05e530372ca0"},
    {file = "typing_inspect-0.6.0-py3-none-any.whl", hash = "sha256:3b98390df4d999a28cf5b35d8b333425af5da2ece8a4ea9e98f71e7591347b4f"},
    {file = "typing_inspect-0.6.0.tar.gz", hash = "sha256:8f1b1dd25908dbfd81d3bebc218011531e7ab614ba6e5bf7826d887c834afab7"},
]
urllib3 = [
    {file = "urllib3-1.22-py2.py3-none-any.whl", hash = "sha256:06330f386d6e4b195fbfc736b297f58c5a892e4440e54d294d7004e3a9bbea1b"},
    {file = "urllib3-1.22.tar.gz", hash = "sha256:cc44da8e1145637334317feebd728bd869a35285b93cbb4cca2577da7e62db4f"},
]
vine = [
    {file = "vine-1.3.0-py2.py3-none-any.whl", hash = "sha256:ea4947cc56d1fd6f2095c8d543ee25dad966f78692528e68b4fada11ba3f98af"},
    {file = "vine-1.3.0.tar.gz", hash = "sha256:133ee6d7a9016f177ddeaf191c1f58421a1dcc6ee9a42c58b34bed40e1d2cd87"},
]
zipp = [
    {file = "zipp-3.1.0-py3-none-any.whl", hash = "sha256:aa36550ff0c0b7ef7fa639055d797116ee891440eac1a56f378e2d3179e0320b"},
    {file = "zipp-3.1.0.tar.gz", hash = "sha256:c599e4d75c98f6798c509911d08a22e6c021d074469042177c8c86fb92eefd96"},
]
